
Microsoft Visual Studio Solution File, Format Version 12.00
# Visual Studio Version 17
VisualStudioVersion = 17.10.34916.146
MinimumVisualStudioVersion = 10.0.40219.1
Project("{FAE04EC0-301F-11D3-BF4B-00C04F79EFBC}") = "API", "API\API.csproj", "{7DA0AEE8-E574-411F-8026-111370455585}"
EndProject
Project("{FAE04EC0-301F-11D3-BF4B-00C04F79EFBC}") = "Core", "Core\Core.csproj", "{09F62770-FB41-4C7D-B4DB-062A18CAC999}"
EndProject
Project("{FAE04EC0-301F-11D3-BF4B-00C04F79EFBC}") = "Infrastructrue", "Infrastructrue\Infrastructrue.csproj", "{8154F5DB-B0A3-408D-A537-FE5BB7D7EAF9}"
EndProject
Global
	GlobalSection(SolutionConfigurationPlatforms) = preSolution
		Debug|Any CPU = Debug|Any CPU
		Release|Any CPU = Release|Any CPU
	EndGlobalSection
	GlobalSection(ProjectConfigurationPlatforms) = postSolution
		{7DA0AEE8-E574-411F-8026-111370455585}.Debug|Any CPU.ActiveCfg = Debug|Any CPU
		{7DA0AEE8-E574-411F-8026-111370455585}.Debug|Any CPU.Build.0 = Debug|Any CPU
		{7DA0AEE8-E574-411F-8026-111370455585}.Release|Any CPU.ActiveCfg = Release|Any CPU
		{7DA0AEE8-E574-411F-8026-111370455585}.Release|Any CPU.Build.0 = Release|Any CPU
		{09F62770-FB41-4C7D-B4DB-062A18CAC999}.Debug|Any CPU.ActiveCfg = Debug|Any CPU
		{09F62770-FB41-4C7D-B4DB-062A18CAC999}.Debug|Any CPU.Build.0 = Debug|Any CPU
		{09F62770-FB41-4C7D-B4DB-062A18CAC999}.Release|Any CPU.ActiveCfg = Release|Any CPU
		{09F62770-FB41-4C7D-B4DB-062A18CAC999}.Release|Any CPU.Build.0 = Release|Any CPU
		{8154F5DB-B0A3-408D-A537-FE5BB7D7EAF9}.Debug|Any CPU.ActiveCfg = Debug|Any CPU
		{8154F5DB-B0A3-408D-A537-FE5BB7D7EAF9}.Debug|Any CPU.Build.0 = Debug|Any CPU
		{8154F5DB-B0A3-408D-A537-FE5BB7D7EAF9}.Release|Any CPU.ActiveCfg = Release|Any CPU
		{8154F5DB-B0A3-408D-A537-FE5BB7D7EAF9}.Release|Any CPU.Build.0 = Release|Any CPU
	EndGlobalSection
	GlobalSection(SolutionProperties) = preSolution
		HideSolutionNode = FALSE
	EndGlobalSection
	GlobalSection(ExtensibilityGlobals) = postSolution
		SolutionGuid = {A69FFC99-3E94-4F7F-B26C-6EB81E9F4947}
	EndGlobalSection
EndGlobal
